
Microsoft Visual Studio Solution File, Format Version 12.00
# Visual Studio Version 17
VisualStudioVersion = 17.10.35004.147
MinimumVisualStudioVersion = 10.0.40219.1
Project("{FAE04EC0-301F-11D3-BF4B-00C04F79EFBC}") = "Nimap", "Nimap\Nimap.csproj", "{29C0D302-8726-4A33-95B1-3BFB17E32F31}"
EndProject
Global
	GlobalSection(SolutionConfigurationPlatforms) = preSolution
		Debug|Any CPU = Debug|Any CPU
		Release|Any CPU = Release|Any CPU
	EndGlobalSection
	GlobalSection(ProjectConfigurationPlatforms) = postSolution
		{29C0D302-8726-4A33-95B1-3BFB17E32F31}.Debug|Any CPU.ActiveCfg = Debug|Any CPU
		{29C0D302-8726-4A33-95B1-3BFB17E32F31}.Debug|Any CPU.Build.0 = Debug|Any CPU
		{29C0D302-8726-4A33-95B1-3BFB17E32F31}.Release|Any CPU.ActiveCfg = Release|Any CPU
		{29C0D302-8726-4A33-95B1-3BFB17E32F31}.Release|Any CPU.Build.0 = Release|Any CPU
	EndGlobalSection
	GlobalSection(SolutionProperties) = preSolution
		HideSolutionNode = FALSE
	EndGlobalSection
	GlobalSection(ExtensibilityGlobals) = postSolution
		SolutionGuid = {F645749C-F7FA-4A0A-BF6B-10AF7A0D1DB3}
	EndGlobalSection
EndGlobal
